
Microsoft Visual Studio Solution File, Format Version 12.00
# Visual Studio Version 17
VisualStudioVersion = 17.5.33516.290
MinimumVisualStudioVersion = 10.0.40219.1
Project("{FAE04EC0-301F-11D3-BF4B-00C04F79EFBC}") = "dia_11_10", "dia_11_10.csproj", "{39815223-7FB4-4950-B9CC-63E501F7CDBA}"
EndProject
Global
	GlobalSection(SolutionConfigurationPlatforms) = preSolution
		Debug|Any CPU = Debug|Any CPU
		Release|Any CPU = Release|Any CPU
	EndGlobalSection
	GlobalSection(ProjectConfigurationPlatforms) = postSolution
		{39815223-7FB4-4950-B9CC-63E501F7CDBA}.Debug|Any CPU.ActiveCfg = Debug|Any CPU
		{39815223-7FB4-4950-B9CC-63E501F7CDBA}.Debug|Any CPU.Build.0 = Debug|Any CPU
		{39815223-7FB4-4950-B9CC-63E501F7CDBA}.Release|Any CPU.ActiveCfg = Release|Any CPU
		{39815223-7FB4-4950-B9CC-63E501F7CDBA}.Release|Any CPU.Build.0 = Release|Any CPU
	EndGlobalSection
	GlobalSection(SolutionProperties) = preSolution
		HideSolutionNode = FALSE
	EndGlobalSection
	GlobalSection(ExtensibilityGlobals) = postSolution
		SolutionGuid = {94065B5D-A95F-4B5E-AA7D-2C0EF0D23EA8}
	EndGlobalSection
EndGlobal
